// !$*UTF8*$!
{
	archiveVersion = 1;
	classes = {
	};
	objectVersion = 46;
	objects = {

/* Begin PBXBuildFile section */
		961CB1DC17AE038F004881B9 /* icon.png in Resources */ = {isa = PBXBuildFile; fileRef = 961CB1DB17AE038F004881B9 /* icon.png */; };
		961CB1DE17AE0395004881B9 /* icon@2x.png in Resources */ = {isa = PBXBuildFile; fileRef = 961CB1DD17AE0395004881B9 /* icon@2x.png */; };
		9626857317926BDA005D1F26 /* BRAPIClient.m in Sources */ = {isa = PBXBuildFile; fileRef = 9626857217926BDA005D1F26 /* BRAPIClient.m */; };
		9626857417926BDA005D1F26 /* BRAPIClient.m in Sources */ = {isa = PBXBuildFile; fileRef = 9626857217926BDA005D1F26 /* BRAPIClient.m */; };
		962D6D5117A924A600DD2F31 /* BRPostTableViewCell.xib in Resources */ = {isa = PBXBuildFile; fileRef = 962D6D5017A924A600DD2F31 /* BRPostTableViewCell.xib */; };
		962D6D5217A924A600DD2F31 /* BRPostTableViewCell.xib in Resources */ = {isa = PBXBuildFile; fileRef = 962D6D5017A924A600DD2F31 /* BRPostTableViewCell.xib */; };
		962D6D5517A924F500DD2F31 /* BRPostTableViewCell.m in Sources */ = {isa = PBXBuildFile; fileRef = 962D6D5417A924F500DD2F31 /* BRPostTableViewCell.m */; };
		962D6D5617A924F500DD2F31 /* BRPostTableViewCell.m in Sources */ = {isa = PBXBuildFile; fileRef = 962D6D5417A924F500DD2F31 /* BRPostTableViewCell.m */; };
		962D6D5917A92C0E00DD2F31 /* BRPostFormImageViewController.m in Sources */ = {isa = PBXBuildFile; fileRef = 962D6D5817A92C0E00DD2F31 /* BRPostFormImageViewController.m */; };
		962D6D5A17A92C0E00DD2F31 /* BRPostFormImageViewController.m in Sources */ = {isa = PBXBuildFile; fileRef = 962D6D5817A92C0E00DD2F31 /* BRPostFormImageViewController.m */; };
		96325B5F17A3DFA800EFE7BE /* BRPostDetailViewController.m in Sources */ = {isa = PBXBuildFile; fileRef = 96325B5E17A3DFA800EFE7BE /* BRPostDetailViewController.m */; };
		96325B6017A3DFA800EFE7BE /* BRPostDetailViewController.m in Sources */ = {isa = PBXBuildFile; fileRef = 96325B5E17A3DFA800EFE7BE /* BRPostDetailViewController.m */; };
		96325B7117A5124000EFE7BE /* header_post@2x.png in Resources */ = {isa = PBXBuildFile; fileRef = 96325B7017A5124000EFE7BE /* header_post@2x.png */; };
		96325B7217A5124000EFE7BE /* header_post@2x.png in Resources */ = {isa = PBXBuildFile; fileRef = 96325B7017A5124000EFE7BE /* header_post@2x.png */; };
		96325B7517A517BA00EFE7BE /* post_select@2x.png in Resources */ = {isa = PBXBuildFile; fileRef = 96325B7417A517BA00EFE7BE /* post_select@2x.png */; };
		96325B7617A517BA00EFE7BE /* post_select@2x.png in Resources */ = {isa = PBXBuildFile; fileRef = 96325B7417A517BA00EFE7BE /* post_select@2x.png */; };
		96325B7817A51A8E00EFE7BE /* post_cancel@2x.png in Resources */ = {isa = PBXBuildFile; fileRef = 96325B7717A51A8E00EFE7BE /* post_cancel@2x.png */; };
		96325B7917A51A8E00EFE7BE /* post_cancel@2x.png in Resources */ = {isa = PBXBuildFile; fileRef = 96325B7717A51A8E00EFE7BE /* post_cancel@2x.png */; };
		96325B7B17A5228600EFE7BE /* post_text_bg@2x.png in Resources */ = {isa = PBXBuildFile; fileRef = 96325B7A17A5228600EFE7BE /* post_text_bg@2x.png */; };
		96325B7C17A5228600EFE7BE /* post_text_bg@2x.png in Resources */ = {isa = PBXBuildFile; fileRef = 96325B7A17A5228600EFE7BE /* post_text_bg@2x.png */; };
		96325B7E17A522AF00EFE7BE /* post_text_back@2x.png in Resources */ = {isa = PBXBuildFile; fileRef = 96325B7D17A522AF00EFE7BE /* post_text_back@2x.png */; };
		96325B7F17A522AF00EFE7BE /* post_text_back@2x.png in Resources */ = {isa = PBXBuildFile; fileRef = 96325B7D17A522AF00EFE7BE /* post_text_back@2x.png */; };
		96484663178DA4680072737E /* UIKit.framework in Frameworks */ = {isa = PBXBuildFile; fileRef = 96484662178DA4680072737E /* UIKit.framework */; };
		96484665178DA4680072737E /* Foundation.framework in Frameworks */ = {isa = PBXBuildFile; fileRef = 96484664178DA4680072737E /* Foundation.framework */; };
		96484667178DA4680072737E /* CoreGraphics.framework in Frameworks */ = {isa = PBXBuildFile; fileRef = 96484666178DA4680072737E /* CoreGraphics.framework */; };
		9648466D178DA4680072737E /* InfoPlist.strings in Resources */ = {isa = PBXBuildFile; fileRef = 9648466B178DA4680072737E /* InfoPlist.strings */; };
		9648466F178DA4680072737E /* main.m in Sources */ = {isa = PBXBuildFile; fileRef = 9648466E178DA4680072737E /* main.m */; };
		96484673178DA4680072737E /* BRAppDelegate.m in Sources */ = {isa = PBXBuildFile; fileRef = 96484672178DA4680072737E /* BRAppDelegate.m */; };
		96484675178DA4680072737E /* Default.png in Resources */ = {isa = PBXBuildFile; fileRef = 96484674178DA4680072737E /* Default.png */; };
		9648467C178DA4680072737E /* MainStoryboard.storyboard in Resources */ = {isa = PBXBuildFile; fileRef = 9648467A178DA4680072737E /* MainStoryboard.storyboard */; };
		9648467F178DA4680072737E /* BRTopViewController.m in Sources */ = {isa = PBXBuildFile; fileRef = 9648467E178DA4680072737E /* BRTopViewController.m */; };
		96484687178DA4680072737E /* SenTestingKit.framework in Frameworks */ = {isa = PBXBuildFile; fileRef = 96484686178DA4680072737E /* SenTestingKit.framework */; };
		96484688178DA4680072737E /* UIKit.framework in Frameworks */ = {isa = PBXBuildFile; fileRef = 96484662178DA4680072737E /* UIKit.framework */; };
		96484689178DA4680072737E /* Foundation.framework in Frameworks */ = {isa = PBXBuildFile; fileRef = 96484664178DA4680072737E /* Foundation.framework */; };
		96484691178DA4680072737E /* InfoPlist.strings in Resources */ = {isa = PBXBuildFile; fileRef = 9648468F178DA4680072737E /* InfoPlist.strings */; };
		96484694178DA4680072737E /* broochTests.m in Sources */ = {isa = PBXBuildFile; fileRef = 96484693178DA4680072737E /* broochTests.m */; };
		966CDE9A17B8CCC8008026E3 /* BRConfigViewController.m in Sources */ = {isa = PBXBuildFile; fileRef = 966CDE9917B8CCC8008026E3 /* BRConfigViewController.m */; };
		966CDE9B17B8CCC8008026E3 /* BRConfigViewController.m in Sources */ = {isa = PBXBuildFile; fileRef = 966CDE9917B8CCC8008026E3 /* BRConfigViewController.m */; };
		966CDE9E17B8CD87008026E3 /* BRConfigWebViewController.m in Sources */ = {isa = PBXBuildFile; fileRef = 966CDE9D17B8CD87008026E3 /* BRConfigWebViewController.m */; };
		966CDE9F17B8CD87008026E3 /* BRConfigWebViewController.m in Sources */ = {isa = PBXBuildFile; fileRef = 966CDE9D17B8CD87008026E3 /* BRConfigWebViewController.m */; };
		966E8EFD179D436E00957D53 /* BRPostFormViewController.m in Sources */ = {isa = PBXBuildFile; fileRef = 966E8EFC179D436E00957D53 /* BRPostFormViewController.m */; };
		966E8EFE179D436E00957D53 /* BRPostFormViewController.m in Sources */ = {isa = PBXBuildFile; fileRef = 966E8EFC179D436E00957D53 /* BRPostFormViewController.m */; };
		966E8F01179D4A1200957D53 /* BRPostFormTextViewController.m in Sources */ = {isa = PBXBuildFile; fileRef = 966E8F00179D4A1200957D53 /* BRPostFormTextViewController.m */; };
		966E8F02179D4A1200957D53 /* BRPostFormTextViewController.m in Sources */ = {isa = PBXBuildFile; fileRef = 966E8F00179D4A1200957D53 /* BRPostFormTextViewController.m */; };
		968614FD1790375200400ABD /* InitStoryboard.storyboard in Resources */ = {isa = PBXBuildFile; fileRef = 968614FC1790375200400ABD /* InitStoryboard.storyboard */; };
		968614FE1790375200400ABD /* InitStoryboard.storyboard in Resources */ = {isa = PBXBuildFile; fileRef = 968614FC1790375200400ABD /* InitStoryboard.storyboard */; };
		968615081790381400400ABD /* BRTutorialViewController.m in Sources */ = {isa = PBXBuildFile; fileRef = 968615071790381400400ABD /* BRTutorialViewController.m */; };
		968615091790381400400ABD /* BRTutorialViewController.m in Sources */ = {isa = PBXBuildFile; fileRef = 968615071790381400400ABD /* BRTutorialViewController.m */; };
		9686150A1790387500400ABD /* MainStoryboard.storyboard in Resources */ = {isa = PBXBuildFile; fileRef = 9648467A178DA4680072737E /* MainStoryboard.storyboard */; };
		9686151917903F7900400ABD /* BRUserModel.m in Sources */ = {isa = PBXBuildFile; fileRef = 9686151817903F7900400ABD /* BRUserModel.m */; };
		9686151A17903F7900400ABD /* BRUserModel.m in Sources */ = {isa = PBXBuildFile; fileRef = 9686151817903F7900400ABD /* BRUserModel.m */; };
		96861543179081D500400ABD /* BRSignUpViewController.m in Sources */ = {isa = PBXBuildFile; fileRef = 96861542179081D500400ABD /* BRSignUpViewController.m */; };
		96861544179081D500400ABD /* BRSignUpViewController.m in Sources */ = {isa = PBXBuildFile; fileRef = 96861542179081D500400ABD /* BRSignUpViewController.m */; };
		96861547179081EA00400ABD /* BRSignInViewController.m in Sources */ = {isa = PBXBuildFile; fileRef = 96861546179081EA00400ABD /* BRSignInViewController.m */; };
		96861548179081EA00400ABD /* BRSignInViewController.m in Sources */ = {isa = PBXBuildFile; fileRef = 96861546179081EA00400ABD /* BRSignInViewController.m */; };
		9691103817980FDC00A72D7B /* sign_in_normal.png in Resources */ = {isa = PBXBuildFile; fileRef = 9691103717980FDC00A72D7B /* sign_in_normal.png */; };
		9691103917980FDC00A72D7B /* sign_in_normal.png in Resources */ = {isa = PBXBuildFile; fileRef = 9691103717980FDC00A72D7B /* sign_in_normal.png */; };
		9691103B17980FE500A72D7B /* sign_up_nomal.png in Resources */ = {isa = PBXBuildFile; fileRef = 9691103A17980FE500A72D7B /* sign_up_nomal.png */; };
		9691103C17980FE500A72D7B /* sign_up_nomal.png in Resources */ = {isa = PBXBuildFile; fileRef = 9691103A17980FE500A72D7B /* sign_up_nomal.png */; };
		9691104117989F3700A72D7B /* sign_in_select.png in Resources */ = {isa = PBXBuildFile; fileRef = 9691104017989F3700A72D7B /* sign_in_select.png */; };
		9691104217989F3700A72D7B /* sign_in_select.png in Resources */ = {isa = PBXBuildFile; fileRef = 9691104017989F3700A72D7B /* sign_in_select.png */; };
		969110471798A64E00A72D7B /* sign_up_select.png in Resources */ = {isa = PBXBuildFile; fileRef = 969110461798A64E00A72D7B /* sign_up_select.png */; };
		969110481798A64E00A72D7B /* sign_up_select.png in Resources */ = {isa = PBXBuildFile; fileRef = 969110461798A64E00A72D7B /* sign_up_select.png */; };
		9691104A179BA2A600A72D7B /* cancel.png in Resources */ = {isa = PBXBuildFile; fileRef = 96911049179BA2A500A72D7B /* cancel.png */; };
		9691104B179BA2A600A72D7B /* cancel.png in Resources */ = {isa = PBXBuildFile; fileRef = 96911049179BA2A500A72D7B /* cancel.png */; };
		96B464BF17ACBF2B00B3D7A9 /* post_detail_back@2x.png in Resources */ = {isa = PBXBuildFile; fileRef = 96B464BD17ACBF2B00B3D7A9 /* post_detail_back@2x.png */; };
		96B464C017ACBF2B00B3D7A9 /* post_detail_back@2x.png in Resources */ = {isa = PBXBuildFile; fileRef = 96B464BD17ACBF2B00B3D7A9 /* post_detail_back@2x.png */; };
		96B464C117ACBF2B00B3D7A9 /* post_detail_edit@2x.png in Resources */ = {isa = PBXBuildFile; fileRef = 96B464BE17ACBF2B00B3D7A9 /* post_detail_edit@2x.png */; };
		96B464C217ACBF2B00B3D7A9 /* post_detail_edit@2x.png in Resources */ = {isa = PBXBuildFile; fileRef = 96B464BE17ACBF2B00B3D7A9 /* post_detail_edit@2x.png */; };
		96B464C517ACBF9100B3D7A9 /* post_form_image_back@2x.png in Resources */ = {isa = PBXBuildFile; fileRef = 96B464C417ACBF9000B3D7A9 /* post_form_image_back@2x.png */; };
		96B464C617ACBF9100B3D7A9 /* post_form_image_back@2x.png in Resources */ = {isa = PBXBuildFile; fileRef = 96B464C417ACBF9000B3D7A9 /* post_form_image_back@2x.png */; };
		96B464C817ACD5E400B3D7A9 /* image_bg_5@2x.jpg in Resources */ = {isa = PBXBuildFile; fileRef = 96B464C717ACD5E300B3D7A9 /* image_bg_5@2x.jpg */; };
		96B464C917ACD5E400B3D7A9 /* image_bg_5@2x.jpg in Resources */ = {isa = PBXBuildFile; fileRef = 96B464C717ACD5E300B3D7A9 /* image_bg_5@2x.jpg */; };
		96B464D017ACD68400B3D7A9 /* image_bg_thumb_0@2x.png in Resources */ = {isa = PBXBuildFile; fileRef = 96B464CA17ACD68000B3D7A9 /* image_bg_thumb_0@2x.png */; };
		96B464D117ACD68400B3D7A9 /* image_bg_thumb_0@2x.png in Resources */ = {isa = PBXBuildFile; fileRef = 96B464CA17ACD68000B3D7A9 /* image_bg_thumb_0@2x.png */; };
		96B464D217ACD68400B3D7A9 /* image_bg_thumb_1@2x.png in Resources */ = {isa = PBXBuildFile; fileRef = 96B464CB17ACD68100B3D7A9 /* image_bg_thumb_1@2x.png */; };
		96B464D317ACD68400B3D7A9 /* image_bg_thumb_1@2x.png in Resources */ = {isa = PBXBuildFile; fileRef = 96B464CB17ACD68100B3D7A9 /* image_bg_thumb_1@2x.png */; };
		96B464D417ACD68400B3D7A9 /* image_bg_thumb_2@2x.png in Resources */ = {isa = PBXBuildFile; fileRef = 96B464CC17ACD68100B3D7A9 /* image_bg_thumb_2@2x.png */; };
		96B464D517ACD68400B3D7A9 /* image_bg_thumb_2@2x.png in Resources */ = {isa = PBXBuildFile; fileRef = 96B464CC17ACD68100B3D7A9 /* image_bg_thumb_2@2x.png */; };
		96B464D617ACD68400B3D7A9 /* image_bg_thumb_3@2x.png in Resources */ = {isa = PBXBuildFile; fileRef = 96B464CD17ACD68200B3D7A9 /* image_bg_thumb_3@2x.png */; };
		96B464D717ACD68400B3D7A9 /* image_bg_thumb_3@2x.png in Resources */ = {isa = PBXBuildFile; fileRef = 96B464CD17ACD68200B3D7A9 /* image_bg_thumb_3@2x.png */; };
		96B464D817ACD68400B3D7A9 /* image_bg_thumb_4@2x.png in Resources */ = {isa = PBXBuildFile; fileRef = 96B464CE17ACD68300B3D7A9 /* image_bg_thumb_4@2x.png */; };
		96B464D917ACD68400B3D7A9 /* image_bg_thumb_4@2x.png in Resources */ = {isa = PBXBuildFile; fileRef = 96B464CE17ACD68300B3D7A9 /* image_bg_thumb_4@2x.png */; };
		96B464DA17ACD68400B3D7A9 /* image_bg_thumb_5@2x.png in Resources */ = {isa = PBXBuildFile; fileRef = 96B464CF17ACD68400B3D7A9 /* image_bg_thumb_5@2x.png */; };
		96B464DB17ACD68400B3D7A9 /* image_bg_thumb_5@2x.png in Resources */ = {isa = PBXBuildFile; fileRef = 96B464CF17ACD68400B3D7A9 /* image_bg_thumb_5@2x.png */; };
		96B464E917ACDB8F00B3D7A9 /* init_footer@2x.png in Resources */ = {isa = PBXBuildFile; fileRef = 96B464E817ACDB8F00B3D7A9 /* init_footer@2x.png */; };
		96B464EA17ACDB8F00B3D7A9 /* init_footer@2x.png in Resources */ = {isa = PBXBuildFile; fileRef = 96B464E817ACDB8F00B3D7A9 /* init_footer@2x.png */; };
		96B464EC17ACDD1400B3D7A9 /* header_bg@2x.png in Resources */ = {isa = PBXBuildFile; fileRef = 96B464EB17ACDD1300B3D7A9 /* header_bg@2x.png */; };
		96B464ED17ACDD1400B3D7A9 /* header_bg@2x.png in Resources */ = {isa = PBXBuildFile; fileRef = 96B464EB17ACDD1300B3D7A9 /* header_bg@2x.png */; };
		96B464F217ACF36A00B3D7A9 /* home_tag_bg@2x.png in Resources */ = {isa = PBXBuildFile; fileRef = 96B464F117ACF36700B3D7A9 /* home_tag_bg@2x.png */; };
		96B464F317ACF36A00B3D7A9 /* home_tag_bg@2x.png in Resources */ = {isa = PBXBuildFile; fileRef = 96B464F117ACF36700B3D7A9 /* home_tag_bg@2x.png */; };
		96B464FB17ADD7CF00B3D7A9 /* intro_1@2x.png in Resources */ = {isa = PBXBuildFile; fileRef = 96B464F817ADD7CF00B3D7A9 /* intro_1@2x.png */; };
		96B464FC17ADD7CF00B3D7A9 /* intro_1@2x.png in Resources */ = {isa = PBXBuildFile; fileRef = 96B464F817ADD7CF00B3D7A9 /* intro_1@2x.png */; };
		96B464FD17ADD7CF00B3D7A9 /* intro_2@2x.png in Resources */ = {isa = PBXBuildFile; fileRef = 96B464F917ADD7CF00B3D7A9 /* intro_2@2x.png */; };
		96B464FE17ADD7CF00B3D7A9 /* intro_2@2x.png in Resources */ = {isa = PBXBuildFile; fileRef = 96B464F917ADD7CF00B3D7A9 /* intro_2@2x.png */; };
		96B464FF17ADD7CF00B3D7A9 /* intro_3@2x.png in Resources */ = {isa = PBXBuildFile; fileRef = 96B464FA17ADD7CF00B3D7A9 /* intro_3@2x.png */; };
		96B4650017ADD7CF00B3D7A9 /* intro_3@2x.png in Resources */ = {isa = PBXBuildFile; fileRef = 96B464FA17ADD7CF00B3D7A9 /* intro_3@2x.png */; };
		96B7933817ABD29400844DA5 /* post_bg@2x.png in Resources */ = {isa = PBXBuildFile; fileRef = 96B7933717ABD29400844DA5 /* post_bg@2x.png */; };
		96B7933917ABD29400844DA5 /* post_bg@2x.png in Resources */ = {isa = PBXBuildFile; fileRef = 96B7933717ABD29400844DA5 /* post_bg@2x.png */; };
		96B7934017ABD3F000844DA5 /* image_bg_0@2x.jpg in Resources */ = {isa = PBXBuildFile; fileRef = 96B7933B17ABD3F000844DA5 /* image_bg_0@2x.jpg */; };
		96B7934117ABD3F000844DA5 /* image_bg_0@2x.jpg in Resources */ = {isa = PBXBuildFile; fileRef = 96B7933B17ABD3F000844DA5 /* image_bg_0@2x.jpg */; };
		96B7934217ABD3F000844DA5 /* image_bg_1@2x.jpg in Resources */ = {isa = PBXBuildFile; fileRef = 96B7933C17ABD3F000844DA5 /* image_bg_1@2x.jpg */; };
		96B7934317ABD3F000844DA5 /* image_bg_1@2x.jpg in Resources */ = {isa = PBXBuildFile; fileRef = 96B7933C17ABD3F000844DA5 /* image_bg_1@2x.jpg */; };
		96B7934417ABD3F000844DA5 /* image_bg_2@2x.jpg in Resources */ = {isa = PBXBuildFile; fileRef = 96B7933D17ABD3F000844DA5 /* image_bg_2@2x.jpg */; };
		96B7934517ABD3F000844DA5 /* image_bg_2@2x.jpg in Resources */ = {isa = PBXBuildFile; fileRef = 96B7933D17ABD3F000844DA5 /* image_bg_2@2x.jpg */; };
		96B7934617ABD3F000844DA5 /* image_bg_3@2x.jpg in Resources */ = {isa = PBXBuildFile; fileRef = 96B7933E17ABD3F000844DA5 /* image_bg_3@2x.jpg */; };
		96B7934717ABD3F000844DA5 /* image_bg_3@2x.jpg in Resources */ = {isa = PBXBuildFile; fileRef = 96B7933E17ABD3F000844DA5 /* image_bg_3@2x.jpg */; };
		96B7934817ABD3F000844DA5 /* image_bg_4@2x.jpg in Resources */ = {isa = PBXBuildFile; fileRef = 96B7933F17ABD3F000844DA5 /* image_bg_4@2x.jpg */; };
		96B7934917ABD3F000844DA5 /* image_bg_4@2x.jpg in Resources */ = {isa = PBXBuildFile; fileRef = 96B7933F17ABD3F000844DA5 /* image_bg_4@2x.jpg */; };
		96C8295217A7D6E3009A5073 /* BRPostModel.m in Sources */ = {isa = PBXBuildFile; fileRef = 96C8295117A7D6E3009A5073 /* BRPostModel.m */; };
		96C8295317A7D6E3009A5073 /* BRPostModel.m in Sources */ = {isa = PBXBuildFile; fileRef = 96C8295117A7D6E3009A5073 /* BRPostModel.m */; };
		9D1F17C617AD4AFB0019B450 /* sign_up_bg@2x.png in Resources */ = {isa = PBXBuildFile; fileRef = 9D1F17C517AD4AFB0019B450 /* sign_up_bg@2x.png */; };
		9D1F17C717AD4AFB0019B450 /* sign_up_bg@2x.png in Resources */ = {isa = PBXBuildFile; fileRef = 9D1F17C517AD4AFB0019B450 /* sign_up_bg@2x.png */; };
		9D1F17C917AD4B0D0019B450 /* sign_in_bg@2x.png in Resources */ = {isa = PBXBuildFile; fileRef = 9D1F17C817AD4B0D0019B450 /* sign_in_bg@2x.png */; };
		9D1F17CA17AD4B0D0019B450 /* sign_in_bg@2x.png in Resources */ = {isa = PBXBuildFile; fileRef = 9D1F17C817AD4B0D0019B450 /* sign_in_bg@2x.png */; };
		9D1F17CC17AD4C7A0019B450 /* Default@2x.png in Resources */ = {isa = PBXBuildFile; fileRef = 9D1F17CB17AD4C790019B450 /* Default@2x.png */; };
		9D1F17CD17AD4C7A0019B450 /* Default@2x.png in Resources */ = {isa = PBXBuildFile; fileRef = 9D1F17CB17AD4C790019B450 /* Default@2x.png */; };
/* End PBXBuildFile section */

/* Begin PBXContainerItemProxy section */
		9648468A178DA4680072737E /* PBXContainerItemProxy */ = {
			isa = PBXContainerItemProxy;
			containerPortal = 96484657178DA4680072737E /* Project object */;
			proxyType = 1;
			remoteGlobalIDString = 9648465E178DA4680072737E;
			remoteInfo = brooch;
		};
/* End PBXContainerItemProxy section */

/* Begin PBXFileReference section */
		961CB1DB17AE038F004881B9 /* icon.png */ = {isa = PBXFileReference; lastKnownFileType = image.png; path = icon.png; sourceTree = "<group>"; };
		961CB1DD17AE0395004881B9 /* icon@2x.png */ = {isa = PBXFileReference; lastKnownFileType = image.png; path = "icon@2x.png"; sourceTree = "<group>"; };
		9626857117926BDA005D1F26 /* BRAPIClient.h */ = {isa = PBXFileReference; fileEncoding = 4; lastKnownFileType = sourcecode.c.h; path = BRAPIClient.h; sourceTree = "<group>"; };
		9626857217926BDA005D1F26 /* BRAPIClient.m */ = {isa = PBXFileReference; fileEncoding = 4; lastKnownFileType = sourcecode.c.objc; path = BRAPIClient.m; sourceTree = "<group>"; };
		962D6D5017A924A600DD2F31 /* BRPostTableViewCell.xib */ = {isa = PBXFileReference; fileEncoding = 4; lastKnownFileType = file.xib; path = BRPostTableViewCell.xib; sourceTree = "<group>"; };
		962D6D5317A924F500DD2F31 /* BRPostTableViewCell.h */ = {isa = PBXFileReference; fileEncoding = 4; lastKnownFileType = sourcecode.c.h; path = BRPostTableViewCell.h; sourceTree = "<group>"; };
		962D6D5417A924F500DD2F31 /* BRPostTableViewCell.m */ = {isa = PBXFileReference; fileEncoding = 4; lastKnownFileType = sourcecode.c.objc; path = BRPostTableViewCell.m; sourceTree = "<group>"; };
		962D6D5717A92C0D00DD2F31 /* BRPostFormImageViewController.h */ = {isa = PBXFileReference; fileEncoding = 4; lastKnownFileType = sourcecode.c.h; path = BRPostFormImageViewController.h; sourceTree = "<group>"; };
		962D6D5817A92C0E00DD2F31 /* BRPostFormImageViewController.m */ = {isa = PBXFileReference; fileEncoding = 4; lastKnownFileType = sourcecode.c.objc; path = BRPostFormImageViewController.m; sourceTree = "<group>"; };
		96325B5D17A3DFA800EFE7BE /* BRPostDetailViewController.h */ = {isa = PBXFileReference; fileEncoding = 4; lastKnownFileType = sourcecode.c.h; path = BRPostDetailViewController.h; sourceTree = "<group>"; };
		96325B5E17A3DFA800EFE7BE /* BRPostDetailViewController.m */ = {isa = PBXFileReference; fileEncoding = 4; lastKnownFileType = sourcecode.c.objc; path = BRPostDetailViewController.m; sourceTree = "<group>"; };
		96325B7017A5124000EFE7BE /* header_post@2x.png */ = {isa = PBXFileReference; lastKnownFileType = image.png; path = "header_post@2x.png"; sourceTree = "<group>"; };
		96325B7417A517BA00EFE7BE /* post_select@2x.png */ = {isa = PBXFileReference; lastKnownFileType = image.png; path = "post_select@2x.png"; sourceTree = "<group>"; };
		96325B7717A51A8E00EFE7BE /* post_cancel@2x.png */ = {isa = PBXFileReference; lastKnownFileType = image.png; path = "post_cancel@2x.png"; sourceTree = "<group>"; };
		96325B7A17A5228600EFE7BE /* post_text_bg@2x.png */ = {isa = PBXFileReference; lastKnownFileType = image.png; path = "post_text_bg@2x.png"; sourceTree = "<group>"; };
		96325B7D17A522AF00EFE7BE /* post_text_back@2x.png */ = {isa = PBXFileReference; lastKnownFileType = image.png; path = "post_text_back@2x.png"; sourceTree = "<group>"; };
		9648465F178DA4680072737E /* brooch.app */ = {isa = PBXFileReference; explicitFileType = wrapper.application; includeInIndex = 0; path = brooch.app; sourceTree = BUILT_PRODUCTS_DIR; };
		96484662178DA4680072737E /* UIKit.framework */ = {isa = PBXFileReference; lastKnownFileType = wrapper.framework; name = UIKit.framework; path = System/Library/Frameworks/UIKit.framework; sourceTree = SDKROOT; };
		96484664178DA4680072737E /* Foundation.framework */ = {isa = PBXFileReference; lastKnownFileType = wrapper.framework; name = Foundation.framework; path = System/Library/Frameworks/Foundation.framework; sourceTree = SDKROOT; };
		96484666178DA4680072737E /* CoreGraphics.framework */ = {isa = PBXFileReference; lastKnownFileType = wrapper.framework; name = CoreGraphics.framework; path = System/Library/Frameworks/CoreGraphics.framework; sourceTree = SDKROOT; };
		9648466A178DA4680072737E /* brooch-Info.plist */ = {isa = PBXFileReference; lastKnownFileType = text.plist.xml; path = "brooch-Info.plist"; sourceTree = "<group>"; };
		9648466C178DA4680072737E /* en */ = {isa = PBXFileReference; lastKnownFileType = text.plist.strings; name = en; path = en.lproj/InfoPlist.strings; sourceTree = "<group>"; };
		9648466E178DA4680072737E /* main.m */ = {isa = PBXFileReference; lastKnownFileType = sourcecode.c.objc; path = main.m; sourceTree = "<group>"; };
		96484670178DA4680072737E /* brooch-Prefix.pch */ = {isa = PBXFileReference; lastKnownFileType = sourcecode.c.h; path = "brooch-Prefix.pch"; sourceTree = "<group>"; };
		96484671178DA4680072737E /* BRAppDelegate.h */ = {isa = PBXFileReference; lastKnownFileType = sourcecode.c.h; path = BRAppDelegate.h; sourceTree = "<group>"; };
		96484672178DA4680072737E /* BRAppDelegate.m */ = {isa = PBXFileReference; lastKnownFileType = sourcecode.c.objc; path = BRAppDelegate.m; sourceTree = "<group>"; };
		96484674178DA4680072737E /* Default.png */ = {isa = PBXFileReference; lastKnownFileType = image.png; path = Default.png; sourceTree = "<group>"; };
		9648467B178DA4680072737E /* en */ = {isa = PBXFileReference; lastKnownFileType = file.storyboard; name = en; path = en.lproj/MainStoryboard.storyboard; sourceTree = "<group>"; };
		9648467D178DA4680072737E /* BRTopViewController.h */ = {isa = PBXFileReference; lastKnownFileType = sourcecode.c.h; path = BRTopViewController.h; sourceTree = "<group>"; };
		9648467E178DA4680072737E /* BRTopViewController.m */ = {isa = PBXFileReference; lastKnownFileType = sourcecode.c.objc; path = BRTopViewController.m; sourceTree = "<group>"; };
		96484685178DA4680072737E /* broochTests.octest */ = {isa = PBXFileReference; explicitFileType = wrapper.cfbundle; includeInIndex = 0; path = broochTests.octest; sourceTree = BUILT_PRODUCTS_DIR; };
		96484686178DA4680072737E /* SenTestingKit.framework */ = {isa = PBXFileReference; lastKnownFileType = wrapper.framework; name = SenTestingKit.framework; path = Library/Frameworks/SenTestingKit.framework; sourceTree = DEVELOPER_DIR; };
		9648468E178DA4680072737E /* broochTests-Info.plist */ = {isa = PBXFileReference; lastKnownFileType = text.plist.xml; path = "broochTests-Info.plist"; sourceTree = "<group>"; };
		96484690178DA4680072737E /* en */ = {isa = PBXFileReference; lastKnownFileType = text.plist.strings; name = en; path = en.lproj/InfoPlist.strings; sourceTree = "<group>"; };
		96484692178DA4680072737E /* broochTests.h */ = {isa = PBXFileReference; lastKnownFileType = sourcecode.c.h; path = broochTests.h; sourceTree = "<group>"; };
		96484693178DA4680072737E /* broochTests.m */ = {isa = PBXFileReference; lastKnownFileType = sourcecode.c.objc; path = broochTests.m; sourceTree = "<group>"; };
		966CDE9817B8CCC8008026E3 /* BRConfigViewController.h */ = {isa = PBXFileReference; fileEncoding = 4; lastKnownFileType = sourcecode.c.h; path = BRConfigViewController.h; sourceTree = "<group>"; };
		966CDE9917B8CCC8008026E3 /* BRConfigViewController.m */ = {isa = PBXFileReference; fileEncoding = 4; lastKnownFileType = sourcecode.c.objc; path = BRConfigViewController.m; sourceTree = "<group>"; };
		966CDE9C17B8CD87008026E3 /* BRConfigWebViewController.h */ = {isa = PBXFileReference; fileEncoding = 4; lastKnownFileType = sourcecode.c.h; path = BRConfigWebViewController.h; sourceTree = "<group>"; };
		966CDE9D17B8CD87008026E3 /* BRConfigWebViewController.m */ = {isa = PBXFileReference; fileEncoding = 4; lastKnownFileType = sourcecode.c.objc; path = BRConfigWebViewController.m; sourceTree = "<group>"; };
		966E8EFB179D436E00957D53 /* BRPostFormViewController.h */ = {isa = PBXFileReference; fileEncoding = 4; lastKnownFileType = sourcecode.c.h; path = BRPostFormViewController.h; sourceTree = "<group>"; };
		966E8EFC179D436E00957D53 /* BRPostFormViewController.m */ = {isa = PBXFileReference; fileEncoding = 4; lastKnownFileType = sourcecode.c.objc; path = BRPostFormViewController.m; sourceTree = "<group>"; };
		966E8EFF179D4A1200957D53 /* BRPostFormTextViewController.h */ = {isa = PBXFileReference; fileEncoding = 4; lastKnownFileType = sourcecode.c.h; path = BRPostFormTextViewController.h; sourceTree = "<group>"; };
		966E8F00179D4A1200957D53 /* BRPostFormTextViewController.m */ = {isa = PBXFileReference; fileEncoding = 4; lastKnownFileType = sourcecode.c.objc; path = BRPostFormTextViewController.m; sourceTree = "<group>"; };
		968614FC1790375200400ABD /* InitStoryboard.storyboard */ = {isa = PBXFileReference; fileEncoding = 4; lastKnownFileType = file.storyboard; name = InitStoryboard.storyboard; path = en.lproj/InitStoryboard.storyboard; sourceTree = "<group>"; };
		968615061790381400400ABD /* BRTutorialViewController.h */ = {isa = PBXFileReference; fileEncoding = 4; lastKnownFileType = sourcecode.c.h; path = BRTutorialViewController.h; sourceTree = "<group>"; };
		968615071790381400400ABD /* BRTutorialViewController.m */ = {isa = PBXFileReference; fileEncoding = 4; lastKnownFileType = sourcecode.c.objc; path = BRTutorialViewController.m; sourceTree = "<group>"; };
		9686151717903F7900400ABD /* BRUserModel.h */ = {isa = PBXFileReference; fileEncoding = 4; lastKnownFileType = sourcecode.c.h; path = BRUserModel.h; sourceTree = "<group>"; };
		9686151817903F7900400ABD /* BRUserModel.m */ = {isa = PBXFileReference; fileEncoding = 4; lastKnownFileType = sourcecode.c.objc; path = BRUserModel.m; sourceTree = "<group>"; };
		9686152617906D8C00400ABD /* en */ = {isa = PBXFileReference; lastKnownFileType = sourcecode.c.h; name = en; path = "en.lproj/UIImage+H568.h"; sourceTree = "<group>"; };
		9686152817906D8C00400ABD /* en */ = {isa = PBXFileReference; lastKnownFileType = sourcecode.c.objc; name = en; path = "en.lproj/UIImage+H568.m"; sourceTree = "<group>"; };
		96861541179081D500400ABD /* BRSignUpViewController.h */ = {isa = PBXFileReference; fileEncoding = 4; lastKnownFileType = sourcecode.c.h; path = BRSignUpViewController.h; sourceTree = "<group>"; };
		96861542179081D500400ABD /* BRSignUpViewController.m */ = {isa = PBXFileReference; fileEncoding = 4; lastKnownFileType = sourcecode.c.objc; path = BRSignUpViewController.m; sourceTree = "<group>"; };
		96861545179081EA00400ABD /* BRSignInViewController.h */ = {isa = PBXFileReference; fileEncoding = 4; lastKnownFileType = sourcecode.c.h; path = BRSignInViewController.h; sourceTree = "<group>"; };
		96861546179081EA00400ABD /* BRSignInViewController.m */ = {isa = PBXFileReference; fileEncoding = 4; lastKnownFileType = sourcecode.c.objc; path = BRSignInViewController.m; sourceTree = "<group>"; };
		9691103717980FDC00A72D7B /* sign_in_normal.png */ = {isa = PBXFileReference; lastKnownFileType = image.png; path = sign_in_normal.png; sourceTree = "<group>"; };
		9691103A17980FE500A72D7B /* sign_up_nomal.png */ = {isa = PBXFileReference; lastKnownFileType = image.png; path = sign_up_nomal.png; sourceTree = "<group>"; };
		9691104017989F3700A72D7B /* sign_in_select.png */ = {isa = PBXFileReference; lastKnownFileType = image.png; path = sign_in_select.png; sourceTree = "<group>"; };
		969110461798A64E00A72D7B /* sign_up_select.png */ = {isa = PBXFileReference; lastKnownFileType = image.png; path = sign_up_select.png; sourceTree = "<group>"; };
		96911049179BA2A500A72D7B /* cancel.png */ = {isa = PBXFileReference; lastKnownFileType = image.png; path = cancel.png; sourceTree = "<group>"; };
		96B464BD17ACBF2B00B3D7A9 /* post_detail_back@2x.png */ = {isa = PBXFileReference; lastKnownFileType = image.png; path = "post_detail_back@2x.png"; sourceTree = "<group>"; };
		96B464BE17ACBF2B00B3D7A9 /* post_detail_edit@2x.png */ = {isa = PBXFileReference; lastKnownFileType = image.png; path = "post_detail_edit@2x.png"; sourceTree = "<group>"; };
		96B464C417ACBF9000B3D7A9 /* post_form_image_back@2x.png */ = {isa = PBXFileReference; lastKnownFileType = image.png; path = "post_form_image_back@2x.png"; sourceTree = "<group>"; };
		96B464C717ACD5E300B3D7A9 /* image_bg_5@2x.jpg */ = {isa = PBXFileReference; lastKnownFileType = image.jpeg; path = "image_bg_5@2x.jpg"; sourceTree = "<group>"; };
		96B464CA17ACD68000B3D7A9 /* image_bg_thumb_0@2x.png */ = {isa = PBXFileReference; lastKnownFileType = image.png; path = "image_bg_thumb_0@2x.png"; sourceTree = "<group>"; };
		96B464CB17ACD68100B3D7A9 /* image_bg_thumb_1@2x.png */ = {isa = PBXFileReference; lastKnownFileType = image.png; path = "image_bg_thumb_1@2x.png"; sourceTree = "<group>"; };
		96B464CC17ACD68100B3D7A9 /* image_bg_thumb_2@2x.png */ = {isa = PBXFileReference; lastKnownFileType = image.png; path = "image_bg_thumb_2@2x.png"; sourceTree = "<group>"; };
		96B464CD17ACD68200B3D7A9 /* image_bg_thumb_3@2x.png */ = {isa = PBXFileReference; lastKnownFileType = image.png; path = "image_bg_thumb_3@2x.png"; sourceTree = "<group>"; };
		96B464CE17ACD68300B3D7A9 /* image_bg_thumb_4@2x.png */ = {isa = PBXFileReference; lastKnownFileType = image.png; path = "image_bg_thumb_4@2x.png"; sourceTree = "<group>"; };
		96B464CF17ACD68400B3D7A9 /* image_bg_thumb_5@2x.png */ = {isa = PBXFileReference; lastKnownFileType = image.png; path = "image_bg_thumb_5@2x.png"; sourceTree = "<group>"; };
		96B464E817ACDB8F00B3D7A9 /* init_footer@2x.png */ = {isa = PBXFileReference; lastKnownFileType = image.png; path = "init_footer@2x.png"; sourceTree = "<group>"; };
		96B464EB17ACDD1300B3D7A9 /* header_bg@2x.png */ = {isa = PBXFileReference; lastKnownFileType = image.png; path = "header_bg@2x.png"; sourceTree = "<group>"; };
		96B464F117ACF36700B3D7A9 /* home_tag_bg@2x.png */ = {isa = PBXFileReference; lastKnownFileType = image.png; path = "home_tag_bg@2x.png"; sourceTree = "<group>"; };
		96B464F817ADD7CF00B3D7A9 /* intro_1@2x.png */ = {isa = PBXFileReference; lastKnownFileType = image.png; path = "intro_1@2x.png"; sourceTree = "<group>"; };
		96B464F917ADD7CF00B3D7A9 /* intro_2@2x.png */ = {isa = PBXFileReference; lastKnownFileType = image.png; path = "intro_2@2x.png"; sourceTree = "<group>"; };
		96B464FA17ADD7CF00B3D7A9 /* intro_3@2x.png */ = {isa = PBXFileReference; lastKnownFileType = image.png; path = "intro_3@2x.png"; sourceTree = "<group>"; };
		96B7933717ABD29400844DA5 /* post_bg@2x.png */ = {isa = PBXFileReference; lastKnownFileType = image.png; path = "post_bg@2x.png"; sourceTree = "<group>"; };
		96B7933B17ABD3F000844DA5 /* image_bg_0@2x.jpg */ = {isa = PBXFileReference; lastKnownFileType = image.jpeg; path = "image_bg_0@2x.jpg"; sourceTree = "<group>"; };
		96B7933C17ABD3F000844DA5 /* image_bg_1@2x.jpg */ = {isa = PBXFileReference; lastKnownFileType = image.jpeg; path = "image_bg_1@2x.jpg"; sourceTree = "<group>"; };
		96B7933D17ABD3F000844DA5 /* image_bg_2@2x.jpg */ = {isa = PBXFileReference; lastKnownFileType = image.jpeg; path = "image_bg_2@2x.jpg"; sourceTree = "<group>"; };
		96B7933E17ABD3F000844DA5 /* image_bg_3@2x.jpg */ = {isa = PBXFileReference; lastKnownFileType = image.jpeg; path = "image_bg_3@2x.jpg"; sourceTree = "<group>"; };
		96B7933F17ABD3F000844DA5 /* image_bg_4@2x.jpg */ = {isa = PBXFileReference; lastKnownFileType = image.jpeg; path = "image_bg_4@2x.jpg"; sourceTree = "<group>"; };
		96C8295017A7D6E3009A5073 /* BRPostModel.h */ = {isa = PBXFileReference; fileEncoding = 4; lastKnownFileType = sourcecode.c.h; path = BRPostModel.h; sourceTree = "<group>"; };
		96C8295117A7D6E3009A5073 /* BRPostModel.m */ = {isa = PBXFileReference; fileEncoding = 4; lastKnownFileType = sourcecode.c.objc; path = BRPostModel.m; sourceTree = "<group>"; };
		9D1F17C517AD4AFB0019B450 /* sign_up_bg@2x.png */ = {isa = PBXFileReference; lastKnownFileType = image.png; path = "sign_up_bg@2x.png"; sourceTree = "<group>"; };
		9D1F17C817AD4B0D0019B450 /* sign_in_bg@2x.png */ = {isa = PBXFileReference; lastKnownFileType = image.png; path = "sign_in_bg@2x.png"; sourceTree = "<group>"; };
		9D1F17CB17AD4C790019B450 /* Default@2x.png */ = {isa = PBXFileReference; lastKnownFileType = image.png; path = "Default@2x.png"; sourceTree = "<group>"; };
/* End PBXFileReference section */

/* Begin PBXFrameworksBuildPhase section */
		9648465C178DA4680072737E /* Frameworks */ = {
			isa = PBXFrameworksBuildPhase;
			buildActionMask = 2147483647;
			files = (
				96484663178DA4680072737E /* UIKit.framework in Frameworks */,
				96484665178DA4680072737E /* Foundation.framework in Frameworks */,
				96484667178DA4680072737E /* CoreGraphics.framework in Frameworks */,
			);
			runOnlyForDeploymentPostprocessing = 0;
		};
		96484681178DA4680072737E /* Frameworks */ = {
			isa = PBXFrameworksBuildPhase;
			buildActionMask = 2147483647;
			files = (
				96484687178DA4680072737E /* SenTestingKit.framework in Frameworks */,
				96484688178DA4680072737E /* UIKit.framework in Frameworks */,
				96484689178DA4680072737E /* Foundation.framework in Frameworks */,
			);
			runOnlyForDeploymentPostprocessing = 0;
		};
/* End PBXFrameworksBuildPhase section */

/* Begin PBXGroup section */
		9626857017926BB3005D1F26 /* Libraries */ = {
			isa = PBXGroup;
			children = (
				9626857117926BDA005D1F26 /* BRAPIClient.h */,
				9626857217926BDA005D1F26 /* BRAPIClient.m */,
			);
			name = Libraries;
			sourceTree = "<group>";
		};
		962D6D4F17A9248E00DD2F31 /* Views */ = {
			isa = PBXGroup;
			children = (
				962D6D5017A924A600DD2F31 /* BRPostTableViewCell.xib */,
				962D6D5317A924F500DD2F31 /* BRPostTableViewCell.h */,
				962D6D5417A924F500DD2F31 /* BRPostTableViewCell.m */,
			);
			name = Views;
			sourceTree = "<group>";
		};
		96325B6117A3F11700EFE7BE /* Form */ = {
			isa = PBXGroup;
			children = (
				966E8EFB179D436E00957D53 /* BRPostFormViewController.h */,
				966E8EFC179D436E00957D53 /* BRPostFormViewController.m */,
				966E8EFF179D4A1200957D53 /* BRPostFormTextViewController.h */,
				966E8F00179D4A1200957D53 /* BRPostFormTextViewController.m */,
				962D6D5717A92C0D00DD2F31 /* BRPostFormImageViewController.h */,
				962D6D5817A92C0E00DD2F31 /* BRPostFormImageViewController.m */,
			);
			name = Form;
			sourceTree = "<group>";
		};
		96325B6217A3F14A00EFE7BE /* Detail */ = {
			isa = PBXGroup;
			children = (
				96325B5D17A3DFA800EFE7BE /* BRPostDetailViewController.h */,
				96325B5E17A3DFA800EFE7BE /* BRPostDetailViewController.m */,
			);
			name = Detail;
			sourceTree = "<group>";
		};
		96325B6317A3F17600EFE7BE /* Tutorial */ = {
			isa = PBXGroup;
			children = (
				968615061790381400400ABD /* BRTutorialViewController.h */,
				968615071790381400400ABD /* BRTutorialViewController.m */,
			);
			name = Tutorial;
			sourceTree = "<group>";
		};
		96325B6417A3F18200EFE7BE /* SignUp */ = {
			isa = PBXGroup;
			children = (
				96861541179081D500400ABD /* BRSignUpViewController.h */,
				96861542179081D500400ABD /* BRSignUpViewController.m */,
			);
			name = SignUp;
			sourceTree = "<group>";
		};
		96325B6517A3F18F00EFE7BE /* SignIn */ = {
			isa = PBXGroup;
			children = (
				96861545179081EA00400ABD /* BRSignInViewController.h */,
				96861546179081EA00400ABD /* BRSignInViewController.m */,
			);
			name = SignIn;
			sourceTree = "<group>";
		};
		96325B6C17A50A5500EFE7BE /* main */ = {
			isa = PBXGroup;
			children = (
				96325B7317A517A300EFE7BE /* post */,
				96325B7017A5124000EFE7BE /* header_post@2x.png */,
				96B464EB17ACDD1300B3D7A9 /* header_bg@2x.png */,
				96B464F117ACF36700B3D7A9 /* home_tag_bg@2x.png */,
			);
			name = main;
			sourceTree = "<group>";
		};
		96325B7317A517A300EFE7BE /* post */ = {
			isa = PBXGroup;
			children = (
				96B464C317ACBF3A00B3D7A9 /* form */,
				96B7933A17ABD3E200844DA5 /* detail */,
			);
			name = post;
			sourceTree = "<group>";
		};
		96484656178DA4680072737E = {
			isa = PBXGroup;
			children = (
				961CB1DD17AE0395004881B9 /* icon@2x.png */,
				961CB1DB17AE038F004881B9 /* icon.png */,
				96484668178DA4680072737E /* brooch */,
				9648468C178DA4680072737E /* broochTests */,
				96484661178DA4680072737E /* Frameworks */,
				96484660178DA4680072737E /* Products */,
			);
			sourceTree = "<group>";
		};
		96484660178DA4680072737E /* Products */ = {
			isa = PBXGroup;
			children = (
				9648465F178DA4680072737E /* brooch.app */,
				96484685178DA4680072737E /* broochTests.octest */,
			);
			name = Products;
			sourceTree = "<group>";
		};
		96484661178DA4680072737E /* Frameworks */ = {
			isa = PBXGroup;
			children = (
				96484662178DA4680072737E /* UIKit.framework */,
				96484664178DA4680072737E /* Foundation.framework */,
				96484666178DA4680072737E /* CoreGraphics.framework */,
				96484686178DA4680072737E /* SenTestingKit.framework */,
			);
			name = Frameworks;
			sourceTree = "<group>";
		};
		96484668178DA4680072737E /* brooch */ = {
			isa = PBXGroup;
			children = (
				962D6D4F17A9248E00DD2F31 /* Views */,
				9626857017926BB3005D1F26 /* Libraries */,
				9686152417906D4600400ABD /* Categories */,
				968614F81790331000400ABD /* Models */,
				968614F7179032FE00400ABD /* ViewControllers */,
				96484671178DA4680072737E /* BRAppDelegate.h */,
				96484672178DA4680072737E /* BRAppDelegate.m */,
				9686154B17908CEB00400ABD /* Storyboards */,
				96484669178DA4680072737E /* Supporting Files */,
			);
			path = brooch;
			sourceTree = "<group>";
		};
		96484669178DA4680072737E /* Supporting Files */ = {
			isa = PBXGroup;
			children = (
				9691103217980DA500A72D7B /* images */,
				9648466A178DA4680072737E /* brooch-Info.plist */,
				9648466B178DA4680072737E /* InfoPlist.strings */,
				9648466E178DA4680072737E /* main.m */,
				96484670178DA4680072737E /* brooch-Prefix.pch */,
			);
			name = "Supporting Files";
			sourceTree = "<group>";
		};
		9648468C178DA4680072737E /* broochTests */ = {
			isa = PBXGroup;
			children = (
				96484692178DA4680072737E /* broochTests.h */,
				96484693178DA4680072737E /* broochTests.m */,
				9648468D178DA4680072737E /* Supporting Files */,
			);
			path = broochTests;
			sourceTree = "<group>";
		};
		9648468D178DA4680072737E /* Supporting Files */ = {
			isa = PBXGroup;
			children = (
				9648468E178DA4680072737E /* broochTests-Info.plist */,
				9648468F178DA4680072737E /* InfoPlist.strings */,
			);
			name = "Supporting Files";
			sourceTree = "<group>";
		};
		966E8EF6179BB48E00957D53 /* Post */ = {
			isa = PBXGroup;
			children = (
				96325B6217A3F14A00EFE7BE /* Detail */,
				96325B6117A3F11700EFE7BE /* Form */,
			);
			name = Post;
			sourceTree = "<group>";
		};
		96767EE017B8CB8200E143EE /* Config */ = {
			isa = PBXGroup;
			children = (
				966CDE9817B8CCC8008026E3 /* BRConfigViewController.h */,
				966CDE9917B8CCC8008026E3 /* BRConfigViewController.m */,
				966CDE9C17B8CD87008026E3 /* BRConfigWebViewController.h */,
				966CDE9D17B8CD87008026E3 /* BRConfigWebViewController.m */,
			);
			name = Config;
			sourceTree = "<group>";
		};
		968614F7179032FE00400ABD /* ViewControllers */ = {
			isa = PBXGroup;
			children = (
				9686154917908C7F00400ABD /* Init */,
				9686154A17908C9700400ABD /* Main */,
			);
			name = ViewControllers;
			sourceTree = "<group>";
		};
		968614F81790331000400ABD /* Models */ = {
			isa = PBXGroup;
			children = (
				9686151717903F7900400ABD /* BRUserModel.h */,
				9686151817903F7900400ABD /* BRUserModel.m */,
				96C8295017A7D6E3009A5073 /* BRPostModel.h */,
				96C8295117A7D6E3009A5073 /* BRPostModel.m */,
			);
			name = Models;
			sourceTree = "<group>";
		};
		9686152417906D4600400ABD /* Categories */ = {
			isa = PBXGroup;
			children = (
				9686152517906D8C00400ABD /* UIImage+H568.h */,
				9686152717906D8C00400ABD /* UIImage+H568.m */,
			);
			name = Categories;
			sourceTree = "<group>";
		};
		9686154917908C7F00400ABD /* Init */ = {
			isa = PBXGroup;
			children = (
				96325B6317A3F17600EFE7BE /* Tutorial */,
				96325B6417A3F18200EFE7BE /* SignUp */,
				96325B6517A3F18F00EFE7BE /* SignIn */,
			);
			name = Init;
			sourceTree = "<group>";
		};
		9686154A17908C9700400ABD /* Main */ = {
			isa = PBXGroup;
			children = (
				96767EE017B8CB8200E143EE /* Config */,
				966E8EF6179BB48E00957D53 /* Post */,
				9648467D178DA4680072737E /* BRTopViewController.h */,
				9648467E178DA4680072737E /* BRTopViewController.m */,
			);
			name = Main;
			sourceTree = "<group>";
		};
		9686154B17908CEB00400ABD /* Storyboards */ = {
			isa = PBXGroup;
			children = (
				9648467A178DA4680072737E /* MainStoryboard.storyboard */,
				968614FC1790375200400ABD /* InitStoryboard.storyboard */,
			);
			name = Storyboards;
			sourceTree = "<group>";
		};
		9691103217980DA500A72D7B /* images */ = {
			isa = PBXGroup;
			children = (
				96325B6C17A50A5500EFE7BE /* main */,
				9691103317980DAF00A72D7B /* init */,
			);
			name = images;
			sourceTree = "<group>";
		};
		9691103317980DAF00A72D7B /* init */ = {
			isa = PBXGroup;
			children = (
				96484674178DA4680072737E /* Default.png */,
				9D1F17CB17AD4C790019B450 /* Default@2x.png */,
				96B464F817ADD7CF00B3D7A9 /* intro_1@2x.png */,
				96B464F917ADD7CF00B3D7A9 /* intro_2@2x.png */,
				96B464FA17ADD7CF00B3D7A9 /* intro_3@2x.png */,
				9D1F17C517AD4AFB0019B450 /* sign_up_bg@2x.png */,
				96B464E817ACDB8F00B3D7A9 /* init_footer@2x.png */,
				9D1F17C817AD4B0D0019B450 /* sign_in_bg@2x.png */,
				9691103717980FDC00A72D7B /* sign_in_normal.png */,
				9691104017989F3700A72D7B /* sign_in_select.png */,
				9691103A17980FE500A72D7B /* sign_up_nomal.png */,
				969110461798A64E00A72D7B /* sign_up_select.png */,
				96911049179BA2A500A72D7B /* cancel.png */,
			);
			name = init;
			sourceTree = "<group>";
		};
		96B464C317ACBF3A00B3D7A9 /* form */ = {
			isa = PBXGroup;
			children = (
				96B464C417ACBF9000B3D7A9 /* post_form_image_back@2x.png */,
				96325B7417A517BA00EFE7BE /* post_select@2x.png */,
				96325B7717A51A8E00EFE7BE /* post_cancel@2x.png */,
				96325B7D17A522AF00EFE7BE /* post_text_back@2x.png */,
				96B7933717ABD29400844DA5 /* post_bg@2x.png */,
				96325B7A17A5228600EFE7BE /* post_text_bg@2x.png */,
			);
			name = form;
			sourceTree = "<group>";
		};
		96B7933A17ABD3E200844DA5 /* detail */ = {
			isa = PBXGroup;
			children = (
				96B464BD17ACBF2B00B3D7A9 /* post_detail_back@2x.png */,
				96B464BE17ACBF2B00B3D7A9 /* post_detail_edit@2x.png */,
				96B7933B17ABD3F000844DA5 /* image_bg_0@2x.jpg */,
				96B7933C17ABD3F000844DA5 /* image_bg_1@2x.jpg */,
				96B7933D17ABD3F000844DA5 /* image_bg_2@2x.jpg */,
				96B7933E17ABD3F000844DA5 /* image_bg_3@2x.jpg */,
				96B7933F17ABD3F000844DA5 /* image_bg_4@2x.jpg */,
				96B464C717ACD5E300B3D7A9 /* image_bg_5@2x.jpg */,
				96B464CA17ACD68000B3D7A9 /* image_bg_thumb_0@2x.png */,
				96B464CB17ACD68100B3D7A9 /* image_bg_thumb_1@2x.png */,
				96B464CC17ACD68100B3D7A9 /* image_bg_thumb_2@2x.png */,
				96B464CD17ACD68200B3D7A9 /* image_bg_thumb_3@2x.png */,
				96B464CE17ACD68300B3D7A9 /* image_bg_thumb_4@2x.png */,
				96B464CF17ACD68400B3D7A9 /* image_bg_thumb_5@2x.png */,
			);
			name = detail;
			sourceTree = "<group>";
		};
/* End PBXGroup section */

/* Begin PBXNativeTarget section */
		9648465E178DA4680072737E /* brooch */ = {
			isa = PBXNativeTarget;
			buildConfigurationList = 96484697178DA4680072737E /* Build configuration list for PBXNativeTarget "brooch" */;
			buildPhases = (
				9648465B178DA4680072737E /* Sources */,
				9648465C178DA4680072737E /* Frameworks */,
				9648465D178DA4680072737E /* Resources */,
			);
			buildRules = (
			);
			dependencies = (
			);
			name = brooch;
			productName = brooch;
			productReference = 9648465F178DA4680072737E /* brooch.app */;
			productType = "com.apple.product-type.application";
		};
		96484684178DA4680072737E /* broochTests */ = {
			isa = PBXNativeTarget;
			buildConfigurationList = 9648469A178DA4680072737E /* Build configuration list for PBXNativeTarget "broochTests" */;
			buildPhases = (
				96484680178DA4680072737E /* Sources */,
				96484681178DA4680072737E /* Frameworks */,
				96484682178DA4680072737E /* Resources */,
				96484683178DA4680072737E /* ShellScript */,
			);
			buildRules = (
			);
			dependencies = (
				9648468B178DA4680072737E /* PBXTargetDependency */,
			);
			name = broochTests;
			productName = broochTests;
			productReference = 96484685178DA4680072737E /* broochTests.octest */;
			productType = "com.apple.product-type.bundle";
		};
/* End PBXNativeTarget section */

/* Begin PBXProject section */
		96484657178DA4680072737E /* Project object */ = {
			isa = PBXProject;
			attributes = {
				CLASSPREFIX = BR;
				LastUpgradeCheck = 0460;
				ORGANIZATIONNAME = "栗林 健太郎";
			};
			buildConfigurationList = 9648465A178DA4680072737E /* Build configuration list for PBXProject "brooch" */;
			compatibilityVersion = "Xcode 3.2";
			developmentRegion = English;
			hasScannedForEncodings = 0;
			knownRegions = (
				en,
			);
			mainGroup = 96484656178DA4680072737E;
			productRefGroup = 96484660178DA4680072737E /* Products */;
			projectDirPath = "";
			projectRoot = "";
			targets = (
				9648465E178DA4680072737E /* brooch */,
				96484684178DA4680072737E /* broochTests */,
			);
		};
/* End PBXProject section */

/* Begin PBXResourcesBuildPhase section */
		9648465D178DA4680072737E /* Resources */ = {
			isa = PBXResourcesBuildPhase;
			buildActionMask = 2147483647;
			files = (
				9648466D178DA4680072737E /* InfoPlist.strings in Resources */,
				96484675178DA4680072737E /* Default.png in Resources */,
				9648467C178DA4680072737E /* MainStoryboard.storyboard in Resources */,
				968614FD1790375200400ABD /* InitStoryboard.storyboard in Resources */,
				9691103817980FDC00A72D7B /* sign_in_normal.png in Resources */,
				9691103B17980FE500A72D7B /* sign_up_nomal.png in Resources */,
				9691104117989F3700A72D7B /* sign_in_select.png in Resources */,
				969110471798A64E00A72D7B /* sign_up_select.png in Resources */,
				9691104A179BA2A600A72D7B /* cancel.png in Resources */,
				96325B7117A5124000EFE7BE /* header_post@2x.png in Resources */,
				96325B7517A517BA00EFE7BE /* post_select@2x.png in Resources */,
				96325B7817A51A8E00EFE7BE /* post_cancel@2x.png in Resources */,
				96325B7B17A5228600EFE7BE /* post_text_bg@2x.png in Resources */,
				96325B7E17A522AF00EFE7BE /* post_text_back@2x.png in Resources */,
				962D6D5117A924A600DD2F31 /* BRPostTableViewCell.xib in Resources */,
				96B7933817ABD29400844DA5 /* post_bg@2x.png in Resources */,
				96B7934017ABD3F000844DA5 /* image_bg_0@2x.jpg in Resources */,
				96B7934217ABD3F000844DA5 /* image_bg_1@2x.jpg in Resources */,
				96B7934417ABD3F000844DA5 /* image_bg_2@2x.jpg in Resources */,
				96B7934617ABD3F000844DA5 /* image_bg_3@2x.jpg in Resources */,
				96B7934817ABD3F000844DA5 /* image_bg_4@2x.jpg in Resources */,
				96B464BF17ACBF2B00B3D7A9 /* post_detail_back@2x.png in Resources */,
				96B464C117ACBF2B00B3D7A9 /* post_detail_edit@2x.png in Resources */,
				96B464C517ACBF9100B3D7A9 /* post_form_image_back@2x.png in Resources */,
				96B464C817ACD5E400B3D7A9 /* image_bg_5@2x.jpg in Resources */,
				96B464D017ACD68400B3D7A9 /* image_bg_thumb_0@2x.png in Resources */,
				96B464D217ACD68400B3D7A9 /* image_bg_thumb_1@2x.png in Resources */,
				96B464D417ACD68400B3D7A9 /* image_bg_thumb_2@2x.png in Resources */,
				96B464D617ACD68400B3D7A9 /* image_bg_thumb_3@2x.png in Resources */,
				96B464D817ACD68400B3D7A9 /* image_bg_thumb_4@2x.png in Resources */,
				96B464DA17ACD68400B3D7A9 /* image_bg_thumb_5@2x.png in Resources */,
				96B464E917ACDB8F00B3D7A9 /* init_footer@2x.png in Resources */,
				96B464EC17ACDD1400B3D7A9 /* header_bg@2x.png in Resources */,
				96B464F217ACF36A00B3D7A9 /* home_tag_bg@2x.png in Resources */,
				9D1F17C617AD4AFB0019B450 /* sign_up_bg@2x.png in Resources */,
				9D1F17C917AD4B0D0019B450 /* sign_in_bg@2x.png in Resources */,
				9D1F17CC17AD4C7A0019B450 /* Default@2x.png in Resources */,
				96B464FB17ADD7CF00B3D7A9 /* intro_1@2x.png in Resources */,
				96B464FD17ADD7CF00B3D7A9 /* intro_2@2x.png in Resources */,
				96B464FF17ADD7CF00B3D7A9 /* intro_3@2x.png in Resources */,
				961CB1DC17AE038F004881B9 /* icon.png in Resources */,
				961CB1DE17AE0395004881B9 /* icon@2x.png in Resources */,
			);
			runOnlyForDeploymentPostprocessing = 0;
		};
		96484682178DA4680072737E /* Resources */ = {
			isa = PBXResourcesBuildPhase;
			buildActionMask = 2147483647;
			files = (
				96484691178DA4680072737E /* InfoPlist.strings in Resources */,
				968614FE1790375200400ABD /* InitStoryboard.storyboard in Resources */,
				9686150A1790387500400ABD /* MainStoryboard.storyboard in Resources */,
				9691103917980FDC00A72D7B /* sign_in_normal.png in Resources */,
				9691103C17980FE500A72D7B /* sign_up_nomal.png in Resources */,
				9691104217989F3700A72D7B /* sign_in_select.png in Resources */,
				969110481798A64E00A72D7B /* sign_up_select.png in Resources */,
				9691104B179BA2A600A72D7B /* cancel.png in Resources */,
				96325B7217A5124000EFE7BE /* header_post@2x.png in Resources */,
				96325B7617A517BA00EFE7BE /* post_select@2x.png in Resources */,
				96325B7917A51A8E00EFE7BE /* post_cancel@2x.png in Resources */,
				96325B7C17A5228600EFE7BE /* post_text_bg@2x.png in Resources */,
				96325B7F17A522AF00EFE7BE /* post_text_back@2x.png in Resources */,
				962D6D5217A924A600DD2F31 /* BRPostTableViewCell.xib in Resources */,
				96B7933917ABD29400844DA5 /* post_bg@2x.png in Resources */,
				96B7934117ABD3F000844DA5 /* image_bg_0@2x.jpg in Resources */,
				96B7934317ABD3F000844DA5 /* image_bg_1@2x.jpg in Resources */,
				96B7934517ABD3F000844DA5 /* image_bg_2@2x.jpg in Resources */,
				96B7934717ABD3F000844DA5 /* image_bg_3@2x.jpg in Resources */,
				96B7934917ABD3F000844DA5 /* image_bg_4@2x.jpg in Resources */,
				96B464C017ACBF2B00B3D7A9 /* post_detail_back@2x.png in Resources */,
				96B464C217ACBF2B00B3D7A9 /* post_detail_edit@2x.png in Resources */,
				96B464C617ACBF9100B3D7A9 /* post_form_image_back@2x.png in Resources */,
				96B464C917ACD5E400B3D7A9 /* image_bg_5@2x.jpg in Resources */,
				96B464D117ACD68400B3D7A9 /* image_bg_thumb_0@2x.png in Resources */,
				96B464D317ACD68400B3D7A9 /* image_bg_thumb_1@2x.png in Resources */,
				96B464D517ACD68400B3D7A9 /* image_bg_thumb_2@2x.png in Resources */,
				96B464D717ACD68400B3D7A9 /* image_bg_thumb_3@2x.png in Resources */,
				96B464D917ACD68400B3D7A9 /* image_bg_thumb_4@2x.png in Resources */,
				96B464DB17ACD68400B3D7A9 /* image_bg_thumb_5@2x.png in Resources */,
				96B464EA17ACDB8F00B3D7A9 /* init_footer@2x.png in Resources */,
				96B464ED17ACDD1400B3D7A9 /* header_bg@2x.png in Resources */,
				96B464F317ACF36A00B3D7A9 /* home_tag_bg@2x.png in Resources */,
				9D1F17C717AD4AFB0019B450 /* sign_up_bg@2x.png in Resources */,
				9D1F17CA17AD4B0D0019B450 /* sign_in_bg@2x.png in Resources */,
				9D1F17CD17AD4C7A0019B450 /* Default@2x.png in Resources */,
				96B464FC17ADD7CF00B3D7A9 /* intro_1@2x.png in Resources */,
				96B464FE17ADD7CF00B3D7A9 /* intro_2@2x.png in Resources */,
				96B4650017ADD7CF00B3D7A9 /* intro_3@2x.png in Resources */,
			);
			runOnlyForDeploymentPostprocessing = 0;
		};
/* End PBXResourcesBuildPhase section */

/* Begin PBXShellScriptBuildPhase section */
		96484683178DA4680072737E /* ShellScript */ = {
			isa = PBXShellScriptBuildPhase;
			buildActionMask = 2147483647;
			files = (
			);
			inputPaths = (
			);
			outputPaths = (
			);
			runOnlyForDeploymentPostprocessing = 0;
			shellPath = /bin/sh;
			shellScript = "# Run the unit tests in this test bundle.\n\"${SYSTEM_DEVELOPER_DIR}/Tools/RunUnitTests\"\n";
		};
/* End PBXShellScriptBuildPhase section */

/* Begin PBXSourcesBuildPhase section */
		9648465B178DA4680072737E /* Sources */ = {
			isa = PBXSourcesBuildPhase;
			buildActionMask = 2147483647;
			files = (
				9648466F178DA4680072737E /* main.m in Sources */,
				96484673178DA4680072737E /* BRAppDelegate.m in Sources */,
				9648467F178DA4680072737E /* BRTopViewController.m in Sources */,
				968615081790381400400ABD /* BRTutorialViewController.m in Sources */,
				9686151917903F7900400ABD /* BRUserModel.m in Sources */,
				96861543179081D500400ABD /* BRSignUpViewController.m in Sources */,
				96861547179081EA00400ABD /* BRSignInViewController.m in Sources */,
				9626857317926BDA005D1F26 /* BRAPIClient.m in Sources */,
				966E8EFD179D436E00957D53 /* BRPostFormViewController.m in Sources */,
				966E8F01179D4A1200957D53 /* BRPostFormTextViewController.m in Sources */,
				96325B5F17A3DFA800EFE7BE /* BRPostDetailViewController.m in Sources */,
				96C8295217A7D6E3009A5073 /* BRPostModel.m in Sources */,
				962D6D5517A924F500DD2F31 /* BRPostTableViewCell.m in Sources */,
				962D6D5917A92C0E00DD2F31 /* BRPostFormImageViewController.m in Sources */,
				966CDE9A17B8CCC8008026E3 /* BRConfigViewController.m in Sources */,
				966CDE9E17B8CD87008026E3 /* BRConfigWebViewController.m in Sources */,
			);
			runOnlyForDeploymentPostprocessing = 0;
		};
		96484680178DA4680072737E /* Sources */ = {
			isa = PBXSourcesBuildPhase;
			buildActionMask = 2147483647;
			files = (
				96484694178DA4680072737E /* broochTests.m in Sources */,
				968615091790381400400ABD /* BRTutorialViewController.m in Sources */,
				9686151A17903F7900400ABD /* BRUserModel.m in Sources */,
				96861544179081D500400ABD /* BRSignUpViewController.m in Sources */,
				96861548179081EA00400ABD /* BRSignInViewController.m in Sources */,
				9626857417926BDA005D1F26 /* BRAPIClient.m in Sources */,
				966E8EFE179D436E00957D53 /* BRPostFormViewController.m in Sources */,
				966E8F02179D4A1200957D53 /* BRPostFormTextViewController.m in Sources */,
				96325B6017A3DFA800EFE7BE /* BRPostDetailViewController.m in Sources */,
				96C8295317A7D6E3009A5073 /* BRPostModel.m in Sources */,
				962D6D5617A924F500DD2F31 /* BRPostTableViewCell.m in Sources */,
				962D6D5A17A92C0E00DD2F31 /* BRPostFormImageViewController.m in Sources */,
				966CDE9B17B8CCC8008026E3 /* BRConfigViewController.m in Sources */,
				966CDE9F17B8CD87008026E3 /* BRConfigWebViewController.m in Sources */,
			);
			runOnlyForDeploymentPostprocessing = 0;
		};
/* End PBXSourcesBuildPhase section */

/* Begin PBXTargetDependency section */
		9648468B178DA4680072737E /* PBXTargetDependency */ = {
			isa = PBXTargetDependency;
			target = 9648465E178DA4680072737E /* brooch */;
			targetProxy = 9648468A178DA4680072737E /* PBXContainerItemProxy */;
		};
/* End PBXTargetDependency section */

/* Begin PBXVariantGroup section */
		9648466B178DA4680072737E /* InfoPlist.strings */ = {
			isa = PBXVariantGroup;
			children = (
				9648466C178DA4680072737E /* en */,
			);
			name = InfoPlist.strings;
			sourceTree = "<group>";
		};
		9648467A178DA4680072737E /* MainStoryboard.storyboard */ = {
			isa = PBXVariantGroup;
			children = (
				9648467B178DA4680072737E /* en */,
			);
			name = MainStoryboard.storyboard;
			sourceTree = "<group>";
		};
		9648468F178DA4680072737E /* InfoPlist.strings */ = {
			isa = PBXVariantGroup;
			children = (
				96484690178DA4680072737E /* en */,
			);
			name = InfoPlist.strings;
			sourceTree = "<group>";
		};
		9686152517906D8C00400ABD /* UIImage+H568.h */ = {
			isa = PBXVariantGroup;
			children = (
				9686152617906D8C00400ABD /* en */,
			);
			name = "UIImage+H568.h";
			sourceTree = "<group>";
		};
		9686152717906D8C00400ABD /* UIImage+H568.m */ = {
			isa = PBXVariantGroup;
			children = (
				9686152817906D8C00400ABD /* en */,
			);
			name = "UIImage+H568.m";
			sourceTree = "<group>";
		};
/* End PBXVariantGroup section */

/* Begin XCBuildConfiguration section */
		96484695178DA4680072737E /* Debug */ = {
			isa = XCBuildConfiguration;
			buildSettings = {
				ALWAYS_SEARCH_USER_PATHS = NO;
				CLANG_CXX_LANGUAGE_STANDARD = "gnu++0x";
				CLANG_CXX_LIBRARY = "libc++";
				CLANG_ENABLE_OBJC_ARC = YES;
				CLANG_WARN_CONSTANT_CONVERSION = YES;
				CLANG_WARN_EMPTY_BODY = YES;
				CLANG_WARN_ENUM_CONVERSION = YES;
				CLANG_WARN_INT_CONVERSION = YES;
				CLANG_WARN__DUPLICATE_METHOD_MATCH = YES;
				"CODE_SIGN_IDENTITY[sdk=iphoneos*]" = "iPhone Developer";
				COPY_PHASE_STRIP = NO;
				GCC_C_LANGUAGE_STANDARD = gnu99;
				GCC_DYNAMIC_NO_PIC = NO;
				GCC_OPTIMIZATION_LEVEL = 0;
				GCC_PREPROCESSOR_DEFINITIONS = (
					"DEBUG=1",
					"$(inherited)",
				);
				GCC_SYMBOLS_PRIVATE_EXTERN = NO;
				GCC_WARN_ABOUT_RETURN_TYPE = YES;
				GCC_WARN_UNINITIALIZED_AUTOS = YES;
				GCC_WARN_UNUSED_VARIABLE = YES;
				IPHONEOS_DEPLOYMENT_TARGET = 6.0;
				ONLY_ACTIVE_ARCH = YES;
				SDKROOT = iphoneos;
			};
			name = Debug;
		};
		96484696178DA4680072737E /* Release */ = {
			isa = XCBuildConfiguration;
			buildSettings = {
				ALWAYS_SEARCH_USER_PATHS = NO;
				CLANG_CXX_LANGUAGE_STANDARD = "gnu++0x";
				CLANG_CXX_LIBRARY = "libc++";
				CLANG_ENABLE_OBJC_ARC = YES;
				CLANG_WARN_CONSTANT_CONVERSION = YES;
				CLANG_WARN_EMPTY_BODY = YES;
				CLANG_WARN_ENUM_CONVERSION = YES;
				CLANG_WARN_INT_CONVERSION = YES;
				CLANG_WARN__DUPLICATE_METHOD_MATCH = YES;
				"CODE_SIGN_IDENTITY[sdk=iphoneos*]" = "iPhone Developer";
				COPY_PHASE_STRIP = YES;
				GCC_C_LANGUAGE_STANDARD = gnu99;
				GCC_WARN_ABOUT_RETURN_TYPE = YES;
				GCC_WARN_UNINITIALIZED_AUTOS = YES;
				GCC_WARN_UNUSED_VARIABLE = YES;
				IPHONEOS_DEPLOYMENT_TARGET = 6.0;
				OTHER_CFLAGS = "-DNS_BLOCK_ASSERTIONS=1";
				SDKROOT = iphoneos;
				VALIDATE_PRODUCT = YES;
			};
			name = Release;
		};
		96484698178DA4680072737E /* Debug */ = {
			isa = XCBuildConfiguration;
			buildSettings = {
				CODE_SIGN_IDENTITY = "iPhone Developer: Kentaro Kuribayashi (GC4KJ4VCMW)";
				"CODE_SIGN_IDENTITY[sdk=iphoneos*]" = "iPhone Developer: Kentaro Kuribayashi (GC4KJ4VCMW)";
				GCC_PRECOMPILE_PREFIX_HEADER = YES;
				GCC_PREFIX_HEADER = "brooch/brooch-Prefix.pch";
				INFOPLIST_FILE = "brooch/brooch-Info.plist";
				IPHONEOS_DEPLOYMENT_TARGET = 6.0;
				PRODUCT_NAME = "$(TARGET_NAME)";
				PROVISIONING_PROFILE = "";
				"PROVISIONING_PROFILE[sdk=iphoneos*]" = "";
				WRAPPER_EXTENSION = app;
			};
			name = Debug;
		};
		96484699178DA4680072737E /* Release */ = {
			isa = XCBuildConfiguration;
			buildSettings = {
				CODE_SIGN_IDENTITY = "iPhone Distribution: Kentaro Kuribayashi (L9VYS3ARZV)";
				"CODE_SIGN_IDENTITY[sdk=iphoneos*]" = "iPhone Distribution: Kentaro Kuribayashi (L9VYS3ARZV)";
				GCC_PRECOMPILE_PREFIX_HEADER = YES;
				GCC_PREFIX_HEADER = "brooch/brooch-Prefix.pch";
				INFOPLIST_FILE = "brooch/brooch-Info.plist";
				IPHONEOS_DEPLOYMENT_TARGET = 6.0;
				PRODUCT_NAME = "$(TARGET_NAME)";
				PROVISIONING_PROFILE = "";
				"PROVISIONING_PROFILE[sdk=iphoneos*]" = "";
				WRAPPER_EXTENSION = app;
			};
			name = Release;
		};
		9648469B178DA4680072737E /* Debug */ = {
			isa = XCBuildConfiguration;
			buildSettings = {
				BUNDLE_LOADER = "$(BUILT_PRODUCTS_DIR)/brooch.app/brooch";
				FRAMEWORK_SEARCH_PATHS = (
					"\"$(SDKROOT)/Developer/Library/Frameworks\"",
					"\"$(DEVELOPER_LIBRARY_DIR)/Frameworks\"",
				);
				GCC_PRECOMPILE_PREFIX_HEADER = YES;
				GCC_PREFIX_HEADER = "brooch/brooch-Prefix.pch";
				INFOPLIST_FILE = "broochTests/broochTests-Info.plist";
				PRODUCT_NAME = "$(TARGET_NAME)";
				TEST_HOST = "$(BUNDLE_LOADER)";
				WRAPPER_EXTENSION = octest;
			};
			name = Debug;
		};
		9648469C178DA4680072737E /* Release */ = {
			isa = XCBuildConfiguration;
			buildSettings = {
				BUNDLE_LOADER = "$(BUILT_PRODUCTS_DIR)/brooch.app/brooch";
				FRAMEWORK_SEARCH_PATHS = (
					"\"$(SDKROOT)/Developer/Library/Frameworks\"",
					"\"$(DEVELOPER_LIBRARY_DIR)/Frameworks\"",
				);
				GCC_PRECOMPILE_PREFIX_HEADER = YES;
				GCC_PREFIX_HEADER = "brooch/brooch-Prefix.pch";
				INFOPLIST_FILE = "broochTests/broochTests-Info.plist";
				PRODUCT_NAME = "$(TARGET_NAME)";
				TEST_HOST = "$(BUNDLE_LOADER)";
				WRAPPER_EXTENSION = octest;
			};
			name = Release;
		};
/* End XCBuildConfiguration section */

/* Begin XCConfigurationList section */
		9648465A178DA4680072737E /* Build configuration list for PBXProject "brooch" */ = {
			isa = XCConfigurationList;
			buildConfigurations = (
				96484695178DA4680072737E /* Debug */,
				96484696178DA4680072737E /* Release */,
			);
			defaultConfigurationIsVisible = 0;
			defaultConfigurationName = Release;
		};
		96484697178DA4680072737E /* Build configuration list for PBXNativeTarget "brooch" */ = {
			isa = XCConfigurationList;
			buildConfigurations = (
				96484698178DA4680072737E /* Debug */,
				96484699178DA4680072737E /* Release */,
			);
			defaultConfigurationIsVisible = 0;
			defaultConfigurationName = Release;
		};
		9648469A178DA4680072737E /* Build configuration list for PBXNativeTarget "broochTests" */ = {
			isa = XCConfigurationList;
			buildConfigurations = (
				9648469B178DA4680072737E /* Debug */,
				9648469C178DA4680072737E /* Release */,
			);
			defaultConfigurationIsVisible = 0;
			defaultConfigurationName = Release;
		};
/* End XCConfigurationList section */
	};
	rootObject = 96484657178DA4680072737E /* Project object */;
}
